// !$*UTF8*$!
{
	archiveVersion = 1;
	classes = {
	};
	objectVersion = 50;
	objects = {

/* Begin PBXBuildFile section */
		5F4300E324E8FBAD00988CEE /* AppDelegate.swift in Sources */ = {isa = PBXBuildFile; fileRef = 5F4300E224E8FBAD00988CEE /* AppDelegate.swift */; };
		5F4300E524E8FBAD00988CEE /* SceneDelegate.swift in Sources */ = {isa = PBXBuildFile; fileRef = 5F4300E424E8FBAD00988CEE /* SceneDelegate.swift */; };
		5F4300E724E8FBAD00988CEE /* ViewController.swift in Sources */ = {isa = PBXBuildFile; fileRef = 5F4300E624E8FBAD00988CEE /* ViewController.swift */; };
		5F4300EA24E8FBAD00988CEE /* Main.storyboard in Resources */ = {isa = PBXBuildFile; fileRef = 5F4300E824E8FBAD00988CEE /* Main.storyboard */; };
		5F4300EC24E8FBB600988CEE /* Assets.xcassets in Resources */ = {isa = PBXBuildFile; fileRef = 5F4300EB24E8FBB600988CEE /* Assets.xcassets */; };
		5F4300EF24E8FBB600988CEE /* LaunchScreen.storyboard in Resources */ = {isa = PBXBuildFile; fileRef = 5F4300ED24E8FBB600988CEE /* LaunchScreen.storyboard */; };
		5F4300F724E9004800988CEE /* EmojiTableVC.swift in Sources */ = {isa = PBXBuildFile; fileRef = 5F4300F624E9004800988CEE /* EmojiTableVC.swift */; };
		5F4300F924E9260A00988CEE /* EmojiTableViewCell.swift in Sources */ = {isa = PBXBuildFile; fileRef = 5F4300F824E9260A00988CEE /* EmojiTableViewCell.swift */; };
		5F4300FD24E9450F00988CEE /* EmojiModel.swift in Sources */ = {isa = PBXBuildFile; fileRef = 5F4300FC24E9450F00988CEE /* EmojiModel.swift */; };
		5F4300FF24EA305A00988CEE /* NewEmojiTableViewController.swift in Sources */ = {isa = PBXBuildFile; fileRef = 5F4300FE24EA305A00988CEE /* NewEmojiTableViewController.swift */; };
/* End PBXBuildFile section */

/* Begin PBXFileReference section */
		5F4300DF24E8FBAD00988CEE /* Emoji Reader.app */ = {isa = PBXFileReference; explicitFileType = wrapper.application; includeInIndex = 0; path = "Emoji Reader.app"; sourceTree = BUILT_PRODUCTS_DIR; };
		5F4300E224E8FBAD00988CEE /* AppDelegate.swift */ = {isa = PBXFileReference; lastKnownFileType = sourcecode.swift; path = AppDelegate.swift; sourceTree = "<group>"; };
		5F4300E424E8FBAD00988CEE /* SceneDelegate.swift */ = {isa = PBXFileReference; lastKnownFileType = sourcecode.swift; path = SceneDelegate.swift; sourceTree = "<group>"; };
		5F4300E624E8FBAD00988CEE /* ViewController.swift */ = {isa = PBXFileReference; lastKnownFileType = sourcecode.swift; path = ViewController.swift; sourceTree = "<group>"; };
		5F4300E924E8FBAD00988CEE /* Base */ = {isa = PBXFileReference; lastKnownFileType = file.storyboard; name = Base; path = Base.lproj/Main.storyboard; sourceTree = "<group>"; };
		5F4300EB24E8FBB600988CEE /* Assets.xcassets */ = {isa = PBXFileReference; lastKnownFileType = folder.assetcatalog; path = Assets.xcassets; sourceTree = "<group>"; };
		5F4300EE24E8FBB600988CEE /* Base */ = {isa = PBXFileReference; lastKnownFileType = file.storyboard; name = Base; path = Base.lproj/LaunchScreen.storyboard; sourceTree = "<group>"; };
		5F4300F024E8FBB600988CEE /* Info.plist */ = {isa = PBXFileReference; lastKnownFileType = text.plist.xml; path = Info.plist; sourceTree = "<group>"; };
		5F4300F624E9004800988CEE /* EmojiTableVC.swift */ = {isa = PBXFileReference; lastKnownFileType = sourcecode.swift; path = EmojiTableVC.swift; sourceTree = "<group>"; };
		5F4300F824E9260A00988CEE /* EmojiTableViewCell.swift */ = {isa = PBXFileReference; lastKnownFileType = sourcecode.swift; path = EmojiTableViewCell.swift; sourceTree = "<group>"; };
		5F4300FC24E9450F00988CEE /* EmojiModel.swift */ = {isa = PBXFileReference; lastKnownFileType = sourcecode.swift; path = EmojiModel.swift; sourceTree = "<group>"; };
		5F4300FE24EA305A00988CEE /* NewEmojiTableViewController.swift */ = {isa = PBXFileReference; lastKnownFileType = sourcecode.swift; path = NewEmojiTableViewController.swift; sourceTree = "<group>"; };
/* End PBXFileReference section */

/* Begin PBXFrameworksBuildPhase section */
		5F4300DC24E8FBAD00988CEE /* Frameworks */ = {
			isa = PBXFrameworksBuildPhase;
			buildActionMask = 2147483647;
			files = (
			);
			runOnlyForDeploymentPostprocessing = 0;
		};
/* End PBXFrameworksBuildPhase section */

/* Begin PBXGroup section */
		5F4300D624E8FBAD00988CEE = {
			isa = PBXGroup;
			children = (
				5F4300E124E8FBAD00988CEE /* Emoji Reader */,
				5F4300E024E8FBAD00988CEE /* Products */,
			);
			sourceTree = "<group>";
		};
		5F4300E024E8FBAD00988CEE /* Products */ = {
			isa = PBXGroup;
			children = (
				5F4300DF24E8FBAD00988CEE /* Emoji Reader.app */,
			);
			name = Products;
			sourceTree = "<group>";
		};
		5F4300E124E8FBAD00988CEE /* Emoji Reader */ = {
			isa = PBXGroup;
			children = (
				5F4300E224E8FBAD00988CEE /* AppDelegate.swift */,
				5F4300E424E8FBAD00988CEE /* SceneDelegate.swift */,
				5F4300E624E8FBAD00988CEE /* ViewController.swift */,
				5F4300FC24E9450F00988CEE /* EmojiModel.swift */,
				5F4300F624E9004800988CEE /* EmojiTableVC.swift */,
				5F4300FE24EA305A00988CEE /* NewEmojiTableViewController.swift */,
				5F4300F824E9260A00988CEE /* EmojiTableViewCell.swift */,
				5F4300E824E8FBAD00988CEE /* Main.storyboard */,
				5F4300EB24E8FBB600988CEE /* Assets.xcassets */,
				5F4300ED24E8FBB600988CEE /* LaunchScreen.storyboard */,
				5F4300F024E8FBB600988CEE /* Info.plist */,
			);
			path = "Emoji Reader";
			sourceTree = "<group>";
		};
/* End PBXGroup section */

/* Begin PBXNativeTarget section */
		5F4300DE24E8FBAD00988CEE /* Emoji Reader */ = {
			isa = PBXNativeTarget;
			buildConfigurationList = 5F4300F324E8FBB600988CEE /* Build configuration list for PBXNativeTarget "Emoji Reader" */;
			buildPhases = (
				5F4300DB24E8FBAD00988CEE /* Sources */,
				5F4300DC24E8FBAD00988CEE /* Frameworks */,
				5F4300DD24E8FBAD00988CEE /* Resources */,
			);
			buildRules = (
			);
			dependencies = (
			);
			name = "Emoji Reader";
			productName = "Emoji Reader";
			productReference = 5F4300DF24E8FBAD00988CEE /* Emoji Reader.app */;
			productType = "com.apple.product-type.application";
		};
/* End PBXNativeTarget section */

/* Begin PBXProject section */
		5F4300D724E8FBAD00988CEE /* Project object */ = {
			isa = PBXProject;
			attributes = {
				LastSwiftUpdateCheck = 1160;
				LastUpgradeCheck = 1160;
				ORGANIZATIONNAME = Natalia;
				TargetAttributes = {
					5F4300DE24E8FBAD00988CEE = {
						CreatedOnToolsVersion = 11.6;
					};
				};
			};
			buildConfigurationList = 5F4300DA24E8FBAD00988CEE /* Build configuration list for PBXProject "Emoji Reader" */;
			compatibilityVersion = "Xcode 9.3";
			developmentRegion = en;
			hasScannedForEncodings = 0;
			knownRegions = (
				en,
				Base,
			);
			mainGroup = 5F4300D624E8FBAD00988CEE;
			productRefGroup = 5F4300E024E8FBAD00988CEE /* Products */;
			projectDirPath = "";
			projectRoot = "";
			targets = (
				5F4300DE24E8FBAD00988CEE /* Emoji Reader */,
			);
		};
/* End PBXProject section */

/* Begin PBXResourcesBuildPhase section */
		5F4300DD24E8FBAD00988CEE /* Resources */ = {
			isa = PBXResourcesBuildPhase;
			buildActionMask = 2147483647;
			files = (
				5F4300EF24E8FBB600988CEE /* LaunchScreen.storyboard in Resources */,
				5F4300EC24E8FBB600988CEE /* Assets.xcassets in Resources */,
				5F4300EA24E8FBAD00988CEE /* Main.storyboard in Resources */,
			);
			runOnlyForDeploymentPostprocessing = 0;
		};
/* End PBXResourcesBuildPhase section */

/* Begin PBXSourcesBuildPhase section */
		5F4300DB24E8FBAD00988CEE /* Sources */ = {
			isa = PBXSourcesBuildPhase;
			buildActionMask = 2147483647;
			files = (
				5F4300E724E8FBAD00988CEE /* ViewController.swift in Sources */,
				5F4300E324E8FBAD00988CEE /* AppDelegate.swift in Sources */,
				5F4300FD24E9450F00988CEE /* EmojiModel.swift in Sources */,
				5F4300F924E9260A00988CEE /* EmojiTableViewCell.swift in Sources */,
				5F4300FF24EA305A00988CEE /* NewEmojiTableViewController.swift in Sources */,
				5F4300F724E9004800988CEE /* EmojiTableVC.swift in Sources */,
				5F4300E524E8FBAD00988CEE /* SceneDelegate.swift in Sources */,
			);
			runOnlyForDeploymentPostprocessing = 0;
		};
/* End PBXSourcesBuildPhase section */

/* Begin PBXVariantGroup section */
		5F4300E824E8FBAD00988CEE /* Main.storyboard */ = {
			isa = PBXVariantGroup;
			children = (
				5F4300E924E8FBAD00988CEE /* Base */,
			);
			name = Main.storyboard;
			sourceTree = "<group>";
		};
		5F4300ED24E8FBB600988CEE /* LaunchScreen.storyboard */ = {
			isa = PBXVariantGroup;
			children = (
				5F4300EE24E8FBB600988CEE /* Base */,
			);
			name = LaunchScreen.storyboard;
			sourceTree = "<group>";
		};
/* End PBXVariantGroup section */

/* Begin XCBuildConfiguration section */
		5F4300F124E8FBB600988CEE /* Debug */ = {
			isa = XCBuildConfiguration;
			buildSettings = {
				ALWAYS_SEARCH_USER_PATHS = NO;
				CLANG_ANALYZER_NONNULL = YES;
				CLANG_ANALYZER_NUMBER_OBJECT_CONVERSION = YES_AGGRESSIVE;
				CLANG_CXX_LANGUAGE_STANDARD = "gnu++14";
				CLANG_CXX_LIBRARY = "libc++";
				CLANG_ENABLE_MODULES = YES;
				CLANG_ENABLE_OBJC_ARC = YES;
				CLANG_ENABLE_OBJC_WEAK = YES;
				CLANG_WARN_BLOCK_CAPTURE_AUTORELEASING = YES;
				CLANG_WARN_BOOL_CONVERSION = YES;
				CLANG_WARN_COMMA = YES;
				CLANG_WARN_CONSTANT_CONVERSION = YES;
				CLANG_WARN_DEPRECATED_OBJC_IMPLEMENTATIONS = YES;
				CLANG_WARN_DIRECT_OBJC_ISA_USAGE = YES_ERROR;
				CLANG_WARN_DOCUMENTATION_COMMENTS = YES;
				CLANG_WARN_EMPTY_BODY = YES;
				CLANG_WARN_ENUM_CONVERSION = YES;
				CLANG_WARN_INFINITE_RECURSION = YES;
				CLANG_WARN_INT_CONVERSION = YES;
				CLANG_WARN_NON_LITERAL_NULL_CONVERSION = YES;
				CLANG_WARN_OBJC_IMPLICIT_RETAIN_SELF = YES;
				CLANG_WARN_OBJC_LITERAL_CONVERSION = YES;
				CLANG_WARN_OBJC_ROOT_CLASS = YES_ERROR;
				CLANG_WARN_RANGE_LOOP_ANALYSIS = YES;
				CLANG_WARN_STRICT_PROTOTYPES = YES;
				CLANG_WARN_SUSPICIOUS_MOVE = YES;
				CLANG_WARN_UNGUARDED_AVAILABILITY = YES_AGGRESSIVE;
				CLANG_WARN_UNREACHABLE_CODE = YES;
				CLANG_WARN__DUPLICATE_METHOD_MATCH = YES;
				COPY_PHASE_STRIP = NO;
				DEBUG_INFORMATION_FORMAT = dwarf;
				ENABLE_STRICT_OBJC_MSGSEND = YES;
				ENABLE_TESTABILITY = YES;
				GCC_C_LANGUAGE_STANDARD = gnu11;
				GCC_DYNAMIC_NO_PIC = NO;
				GCC_NO_COMMON_BLOCKS = YES;
				GCC_OPTIMIZATION_LEVEL = 0;
				GCC_PREPROCESSOR_DEFINITIONS = (
					"DEBUG=1",
					"$(inherited)",
				);
				GCC_WARN_64_TO_32_BIT_CONVERSION = YES;
				GCC_WARN_ABOUT_RETURN_TYPE = YES_ERROR;
				GCC_WARN_UNDECLARED_SELECTOR = YES;
				GCC_WARN_UNINITIALIZED_AUTOS = YES_AGGRESSIVE;
				GCC_WARN_UNUSED_FUNCTION = YES;
				GCC_WARN_UNUSED_VARIABLE = YES;
				IPHONEOS_DEPLOYMENT_TARGET = 13.6;
				MTL_ENABLE_DEBUG_INFO = INCLUDE_SOURCE;
				MTL_FAST_MATH = YES;
				ONLY_ACTIVE_ARCH = YES;
				SDKROOT = iphoneos;
				SWIFT_ACTIVE_COMPILATION_CONDITIONS = DEBUG;
				SWIFT_OPTIMIZATION_LEVEL = "-Onone";
			};
			name = Debug;
		};
		5F4300F224E8FBB600988CEE /* Release */ = {
			isa = XCBuildConfiguration;
			buildSettings = {
				ALWAYS_SEARCH_USER_PATHS = NO;
				CLANG_ANALYZER_NONNULL = YES;
				CLANG_ANALYZER_NUMBER_OBJECT_CONVERSION = YES_AGGRESSIVE;
				CLANG_CXX_LANGUAGE_STANDARD = "gnu++14";
				CLANG_CXX_LIBRARY = "libc++";
				CLANG_ENABLE_MODULES = YES;
				CLANG_ENABLE_OBJC_ARC = YES;
				CLANG_ENABLE_OBJC_WEAK = YES;
				CLANG_WARN_BLOCK_CAPTURE_AUTORELEASING = YES;
				CLANG_WARN_BOOL_CONVERSION = YES;
				CLANG_WARN_COMMA = YES;
				CLANG_WARN_CONSTANT_CONVERSION = YES;
				CLANG_WARN_DEPRECATED_OBJC_IMPLEMENTATIONS = YES;
				CLANG_WARN_DIRECT_OBJC_ISA_USAGE = YES_ERROR;
				CLANG_WARN_DOCUMENTATION_COMMENTS = YES;
				CLANG_WARN_EMPTY_BODY = YES;
				CLANG_WARN_ENUM_CONVERSION = YES;
				CLANG_WARN_INFINITE_RECURSION = YES;
				CLANG_WARN_INT_CONVERSION = YES;
				CLANG_WARN_NON_LITERAL_NULL_CONVERSION = YES;
				CLANG_WARN_OBJC_IMPLICIT_RETAIN_SELF = YES;
				CLANG_WARN_OBJC_LITERAL_CONVERSION = YES;
				CLANG_WARN_OBJC_ROOT_CLASS = YES_ERROR;
				CLANG_WARN_RANGE_LOOP_ANALYSIS = YES;
				CLANG_WARN_STRICT_PROTOTYPES = YES;
				CLANG_WARN_SUSPICIOUS_MOVE = YES;
				CLANG_WARN_UNGUARDED_AVAILABILITY = YES_AGGRESSIVE;
				CLANG_WARN_UNREACHABLE_CODE = YES;
				CLANG_WARN__DUPLICATE_METHOD_MATCH = YES;
				COPY_PHASE_STRIP = NO;
				DEBUG_INFORMATION_FORMAT = "dwarf-with-dsym";
				ENABLE_NS_ASSERTIONS = NO;
				ENABLE_STRICT_OBJC_MSGSEND = YES;
				GCC_C_LANGUAGE_STANDARD = gnu11;
				GCC_NO_COMMON_BLOCKS = YES;
				GCC_WARN_64_TO_32_BIT_CONVERSION = YES;
				GCC_WARN_ABOUT_RETURN_TYPE = YES_ERROR;
				GCC_WARN_UNDECLARED_SELECTOR = YES;
				GCC_WARN_UNINITIALIZED_AUTOS = YES_AGGRESSIVE;
				GCC_WARN_UNUSED_FUNCTION = YES;
				GCC_WARN_UNUSED_VARIABLE = YES;
				IPHONEOS_DEPLOYMENT_TARGET = 13.6;
				MTL_ENABLE_DEBUG_INFO = NO;
				MTL_FAST_MATH = YES;
				SDKROOT = iphoneos;
				SWIFT_COMPILATION_MODE = wholemodule;
				SWIFT_OPTIMIZATION_LEVEL = "-O";
				VALIDATE_PRODUCT = YES;
			};
			name = Release;
		};
		5F4300F424E8FBB600988CEE /* Debug */ = {
			isa = XCBuildConfiguration;
			buildSettings = {
				ASSETCATALOG_COMPILER_APPICON_NAME = AppIcon;
				CODE_SIGN_STYLE = Automatic;
				DEVELOPMENT_TEAM = M5VQCMYS38;
				INFOPLIST_FILE = "Emoji Reader/Info.plist";
				LD_RUNPATH_SEARCH_PATHS = (
					"$(inherited)",
					"@executable_path/Frameworks",
				);
				PRODUCT_BUNDLE_IDENTIFIER = "com.Natalia.Emoji-Reader";
				PRODUCT_NAME = "$(TARGET_NAME)";
				SWIFT_VERSION = 5.0;
				TARGETED_DEVICE_FAMILY = "1,2";
			};
			name = Debug;
		};
		5F4300F524E8FBB600988CEE /* Release */ = {
			isa = XCBuildConfiguration;
			buildSettings = {
				ASSETCATALOG_COMPILER_APPICON_NAME = AppIcon;
				CODE_SIGN_STYLE = Automatic;
				DEVELOPMENT_TEAM = M5VQCMYS38;
				INFOPLIST_FILE = "Emoji Reader/Info.plist";
				LD_RUNPATH_SEARCH_PATHS = (
					"$(inherited)",
					"@executable_path/Frameworks",
				);
				PRODUCT_BUNDLE_IDENTIFIER = "com.Natalia.Emoji-Reader";
				PRODUCT_NAME = "$(TARGET_NAME)";
				SWIFT_VERSION = 5.0;
				TARGETED_DEVICE_FAMILY = "1,2";
			};
			name = Release;
		};
/* End XCBuildConfiguration section */

/* Begin XCConfigurationList section */
		5F4300DA24E8FBAD00988CEE /* Build configuration list for PBXProject "Emoji Reader" */ = {
			isa = XCConfigurationList;
			buildConfigurations = (
				5F4300F124E8FBB600988CEE /* Debug */,
				5F4300F224E8FBB600988CEE /* Release */,
			);
			defaultConfigurationIsVisible = 0;
			defaultConfigurationName = Release;
		};
		5F4300F324E8FBB600988CEE /* Build configuration list for PBXNativeTarget "Emoji Reader" */ = {
			isa = XCConfigurationList;
			buildConfigurations = (
				5F4300F424E8FBB600988CEE /* Debug */,
				5F4300F524E8FBB600988CEE /* Release */,
			);
			defaultConfigurationIsVisible = 0;
			defaultConfigurationName = Release;
		};
/* End XCConfigurationList section */
	};
	rootObject = 5F4300D724E8FBAD00988CEE /* Project object */;
}
